
Microsoft Visual Studio Solution File, Format Version 12.00
# Visual Studio 15
VisualStudioVersion = 15.0.26730.12
MinimumVisualStudioVersion = 10.0.40219.1
Project("{FAE04EC0-301F-11D3-BF4B-00C04F79EFBC}") = "Groceries.Web", "Groceries.Web\Groceries.Web.csproj", "{666BCE56-A690-4E8E-85FF-E4C6C4A78387}"
EndProject
Global
	GlobalSection(SolutionConfigurationPlatforms) = preSolution
		Debug|Any CPU = Debug|Any CPU
		Release|Any CPU = Release|Any CPU
	EndGlobalSection
	GlobalSection(ProjectConfigurationPlatforms) = postSolution
		{666BCE56-A690-4E8E-85FF-E4C6C4A78387}.Debug|Any CPU.ActiveCfg = Debug|Any CPU
		{666BCE56-A690-4E8E-85FF-E4C6C4A78387}.Debug|Any CPU.Build.0 = Debug|Any CPU
		{666BCE56-A690-4E8E-85FF-E4C6C4A78387}.Release|Any CPU.ActiveCfg = Release|Any CPU
		{666BCE56-A690-4E8E-85FF-E4C6C4A78387}.Release|Any CPU.Build.0 = Release|Any CPU
	EndGlobalSection
	GlobalSection(SolutionProperties) = preSolution
		HideSolutionNode = FALSE
	EndGlobalSection
	GlobalSection(ExtensibilityGlobals) = postSolution
		SolutionGuid = {1978C9B5-8261-4D5D-989C-A3E473C47C3F}
	EndGlobalSection
EndGlobal
